Microsoft Visual Studio Solution File, Format Version 12.00
# Visual Studio Version 17
VisualStudioVersion = 17.5.2.0
MinimumVisualStudioVersion = 10.0.40219.1
Project("{FAE04EC0-301F-11D3-BF4B-00C04F79EFBC}") = "Say hello", "Say hello.csproj", "{15F0EDE0-9A10-99D9-BE61-3DFB42A7FBC8}"
EndProject
Global
	GlobalSection(SolutionConfigurationPlatforms) = preSolution
		Debug|Any CPU = Debug|Any CPU
		Release|Any CPU = Release|Any CPU
	EndGlobalSection
	GlobalSection(ProjectConfigurationPlatforms) = postSolution
		{15F0EDE0-9A10-99D9-BE61-3DFB42A7FBC8}.Debug|Any CPU.ActiveCfg = Debug|Any CPU
		{15F0EDE0-9A10-99D9-BE61-3DFB42A7FBC8}.Debug|Any CPU.Build.0 = Debug|Any CPU
		{15F0EDE0-9A10-99D9-BE61-3DFB42A7FBC8}.Release|Any CPU.ActiveCfg = Release|Any CPU
		{15F0EDE0-9A10-99D9-BE61-3DFB42A7FBC8}.Release|Any CPU.Build.0 = Release|Any CPU
	EndGlobalSection
	GlobalSection(SolutionProperties) = preSolution
		HideSolutionNode = FALSE
	EndGlobalSection
	GlobalSection(ExtensibilityGlobals) = postSolution
		SolutionGuid = {6D6065DB-00F7-4907-AEF3-A55C93826147}
	EndGlobalSection
EndGlobal
